github.com/fvbommel/sortorder v1.1.0 h1:fUmoe+HLsBTctBDoaBwpQo5N+nrCp8g/BjKb/6ZQmYw=
github.com/fvbommel/sortorder v1.1.0/go.mod h1:uk88iVf1ovNn1iLfgUVU2F9o5eO30ui720w+kxuqRs0=
github.com/hookenz/mytest/pkg/libhello v1.2.6 h1:Hj1nFUT7cZ4SdCgenUmqoiBQ/TWRZMWnO/vXI+LZaK4=
github.com/hookenz/mytest/pkg/libhello v1.2.6/go.mod h1:XZ9WK9LcHy95KhMfKCRe7FJsgLM/VLzzMAWwMv+nM8w=
